
Microsoft Visual Studio Solution File, Format Version 12.00
# Visual Studio Version 17
VisualStudioVersion = 17.10.35004.147
MinimumVisualStudioVersion = 10.0.40219.1
Project("{54A90642-561A-4BB1-A94E-469ADEE60C69}") = "AngularProject1", "AngularProject1.esproj", "{295249BE-86CF-40BD-ABFE-1A0954110472}"
EndProject
Global
	GlobalSection(SolutionConfigurationPlatforms) = preSolution
		Debug|Any CPU = Debug|Any CPU
		Release|Any CPU = Release|Any CPU
	EndGlobalSection
	GlobalSection(ProjectConfigurationPlatforms) = postSolution
		{295249BE-86CF-40BD-ABFE-1A0954110472}.Debug|Any CPU.ActiveCfg = Debug|Any CPU
		{295249BE-86CF-40BD-ABFE-1A0954110472}.Debug|Any CPU.Build.0 = Debug|Any CPU
		{295249BE-86CF-40BD-ABFE-1A0954110472}.Debug|Any CPU.Deploy.0 = Debug|Any CPU
		{295249BE-86CF-40BD-ABFE-1A0954110472}.Release|Any CPU.ActiveCfg = Release|Any CPU
		{295249BE-86CF-40BD-ABFE-1A0954110472}.Release|Any CPU.Build.0 = Release|Any CPU
		{295249BE-86CF-40BD-ABFE-1A0954110472}.Release|Any CPU.Deploy.0 = Release|Any CPU
	EndGlobalSection
	GlobalSection(SolutionProperties) = preSolution
		HideSolutionNode = FALSE
	EndGlobalSection
	GlobalSection(ExtensibilityGlobals) = postSolution
		SolutionGuid = {BD4F8083-B88B-4F22-8E16-2152D0F3FEA1}
	EndGlobalSection
EndGlobal
